
Microsoft Visual Studio Solution File, Format Version 12.00
# Visual Studio Version 17
VisualStudioVersion = 17.0.32112.339
MinimumVisualStudioVersion = 10.0.40219.1
Project("{FAE04EC0-301F-11D3-BF4B-00C04F79EFBC}") = "StoreMicroServices", "StoreMicroServices\StoreMicroServices.csproj", "{5603F35F-DC1E-4A4A-A368-75F6A0356A91}"
EndProject
Project("{FAE04EC0-301F-11D3-BF4B-00C04F79EFBC}") = "IdentityService", "IdentityService\IdentityService.csproj", "{C15F4000-1B56-40A7-B2AF-ACDA21C6E771}"
EndProject
Global
	GlobalSection(SolutionConfigurationPlatforms) = preSolution
		Debug|Any CPU = Debug|Any CPU
		Release|Any CPU = Release|Any CPU
	EndGlobalSection
	GlobalSection(ProjectConfigurationPlatforms) = postSolution
		{5603F35F-DC1E-4A4A-A368-75F6A0356A91}.Debug|Any CPU.ActiveCfg = Debug|Any CPU
		{5603F35F-DC1E-4A4A-A368-75F6A0356A91}.Debug|Any CPU.Build.0 = Debug|Any CPU
		{5603F35F-DC1E-4A4A-A368-75F6A0356A91}.Release|Any CPU.ActiveCfg = Release|Any CPU
		{5603F35F-DC1E-4A4A-A368-75F6A0356A91}.Release|Any CPU.Build.0 = Release|Any CPU
		{C15F4000-1B56-40A7-B2AF-ACDA21C6E771}.Debug|Any CPU.ActiveCfg = Debug|Any CPU
		{C15F4000-1B56-40A7-B2AF-ACDA21C6E771}.Debug|Any CPU.Build.0 = Debug|Any CPU
		{C15F4000-1B56-40A7-B2AF-ACDA21C6E771}.Release|Any CPU.ActiveCfg = Release|Any CPU
		{C15F4000-1B56-40A7-B2AF-ACDA21C6E771}.Release|Any CPU.Build.0 = Release|Any CPU
	EndGlobalSection
	GlobalSection(SolutionProperties) = preSolution
		HideSolutionNode = FALSE
	EndGlobalSection
	GlobalSection(ExtensibilityGlobals) = postSolution
		SolutionGuid = {ABC58F0C-9D8E-4851-B493-8125AC8ECD5A}
	EndGlobalSection
EndGlobal
